# THIS IS AN AUTOGENERATED FILE. DO NOT EDIT THIS FILE DIRECTLY.
# yarn lockfile v1


"@types/node@^14.14.25":
  version "14.14.25"
  resolved "https://registry.yarnpkg.com/@types/node/-/node-14.14.25.tgz#15967a7b577ff81383f9b888aa6705d43fbbae93"
  integrity sha512-EPpXLOVqDvisVxtlbvzfyqSsFeQxltFbluZNRndIb8tr9KiBnYNLzrc1N3pyKUCww2RNrfHDViqDWWE1LCJQtQ==

esbuild@^0.8.43:
  version "0.8.43"
  resolved "https://registry.yarnpkg.com/esbuild/-/esbuild-0.8.43.tgz#19d79f8c6d1cc6dadd50942057a5aff906a1ecf2"
  integrity sha512-ZVE2CpootS4jtnfV0bbtJdgRsHEXcMP0P7ZXGfTmNzzhBr2e5ag7Vp3ry0jmw8zduJz4iHzxg4m5jtPxWERz1w==

fast-deep-equal@^3.1.3:
  version "3.1.3"
  resolved "https://registry.yarnpkg.com/fast-deep-equal/-/fast-deep-equal-3.1.3.tgz#3a7d56b559d6cbc3eb512325244e619a65c6c525"
  integrity sha512-f3qQ9oQy9j2AhBe/H9VC91wLmKBCCU/gDOnKNAYG5hswO7BLKj09Hc5HYNz9cGI++xlpDCIgDaitVs03ATR84Q==

hash-sum@^2.0.0:
  version "2.0.0"
  resolved "https://registry.yarnpkg.com/hash-sum/-/hash-sum-2.0.0.tgz#81d01bb5de8ea4a214ad5d6ead1b523460b0b45a"
  integrity sha512-WdZTbAByD+pHfl/g9QSsBIIwy8IT+EsPiKDs0KNX+zSHhdDLFKdZu0BQHljvO+0QI/BasbMSUa8wYNCZTvhslg==

pegjs@^0.10.0:
  version "0.10.0"
  resolved "https://registry.yarnpkg.com/pegjs/-/pegjs-0.10.0.tgz#cf8bafae6eddff4b5a7efb185269eaaf4610ddbd"
  integrity sha1-z4uvrm7d/0tafvsYUmnqr0YQ3b0=

rfdc@^1.2.0:
  version "1.2.0"
  resolved "https://registry.yarnpkg.com/rfdc/-/rfdc-1.2.0.tgz#9e9894258f48f284b43c3143c68070a4f373b949"
  integrity sha512-ijLyszTMmUrXvjSooucVQwimGUk84eRcmCuLV8Xghe3UO85mjUtRAHRyoMM6XtyqbECaXuBWx18La3523sXINA==

ts-pegjs@^0.3.1:
  version "0.3.1"
  resolved "https://registry.yarnpkg.com/ts-pegjs/-/ts-pegjs-0.3.1.tgz#63dfc07bd4b358deb850cf0536391580861a660b"
  integrity sha512-4FqLW/HdZ4KvKHUpnaf7yeZM2L/1Y9cHlQ0Z59bVNABPbMEFQnKAYs/3p0zMvvCWkY3fnjMyr/F7wKzZ//vHIw==
  dependencies:
    pegjs "^0.10.0"
